// !$*UTF8*$!
{
	archiveVersion = 1;
	classes = {
	};
	objectVersion = 46;
	objects = {

/* Begin PBXBuildFile section */
		84A066A91C0246D70031833D /* main.m in Sources */ = {isa = PBXBuildFile; fileRef = 84A066A81C0246D70031833D /* main.m */; };
		84A066AC1C0246D70031833D /* AppDelegate.m in Sources */ = {isa = PBXBuildFile; fileRef = 84A066AB1C0246D70031833D /* AppDelegate.m */; };
		84A066AF1C0246D70031833D /* ViewController.m in Sources */ = {isa = PBXBuildFile; fileRef = 84A066AE1C0246D70031833D /* ViewController.m */; };
		84A066B21C0246D70031833D /* Main.storyboard in Resources */ = {isa = PBXBuildFile; fileRef = 84A066B01C0246D70031833D /* Main.storyboard */; };
		84A066B51C0246D70031833D /* TouchesHomework.xcdatamodeld in Sources */ = {isa = PBXBuildFile; fileRef = 84A066B31C0246D70031833D /* TouchesHomework.xcdatamodeld */; };
		84A066B71C0246D70031833D /* Assets.xcassets in Resources */ = {isa = PBXBuildFile; fileRef = 84A066B61C0246D70031833D /* Assets.xcassets */; };
		84A066BA1C0246D70031833D /* LaunchScreen.storyboard in Resources */ = {isa = PBXBuildFile; fileRef = 84A066B81C0246D70031833D /* LaunchScreen.storyboard */; };
		84A066C51C0246D70031833D /* TouchesHomeworkTests.m in Sources */ = {isa = PBXBuildFile; fileRef = 84A066C41C0246D70031833D /* TouchesHomeworkTests.m */; };
		84A066D01C0246D70031833D /* TouchesHomeworkUITests.m in Sources */ = {isa = PBXBuildFile; fileRef = 84A066CF1C0246D70031833D /* TouchesHomeworkUITests.m */; };
/* End PBXBuildFile section */

/* Begin PBXContainerItemProxy section */
		84A066C11C0246D70031833D /* PBXContainerItemProxy */ = {
			isa = PBXContainerItemProxy;
			containerPortal = 84A0669C1C0246D70031833D /* Project object */;
			proxyType = 1;
			remoteGlobalIDString = 84A066A31C0246D70031833D;
			remoteInfo = TouchesHomework;
		};
		84A066CC1C0246D70031833D /* PBXContainerItemProxy */ = {
			isa = PBXContainerItemProxy;
			containerPortal = 84A0669C1C0246D70031833D /* Project object */;
			proxyType = 1;
			remoteGlobalIDString = 84A066A31C0246D70031833D;
			remoteInfo = TouchesHomework;
		};
/* End PBXContainerItemProxy section */

/* Begin PBXFileReference section */
		84A066A41C0246D70031833D /* TouchesHomework.app */ = {isa = PBXFileReference; explicitFileType = wrapper.application; includeInIndex = 0; path = TouchesHomework.app; sourceTree = BUILT_PRODUCTS_DIR; };
		84A066A81C0246D70031833D /* main.m */ = {isa = PBXFileReference; lastKnownFileType = sourcecode.c.objc; path = main.m; sourceTree = "<group>"; };
		84A066AA1C0246D70031833D /* AppDelegate.h */ = {isa = PBXFileReference; lastKnownFileType = sourcecode.c.h; path = AppDelegate.h; sourceTree = "<group>"; };
		84A066AB1C0246D70031833D /* AppDelegate.m */ = {isa = PBXFileReference; lastKnownFileType = sourcecode.c.objc; path = AppDelegate.m; sourceTree = "<group>"; };
		84A066AD1C0246D70031833D /* ViewController.h */ = {isa = PBXFileReference; lastKnownFileType = sourcecode.c.h; path = ViewController.h; sourceTree = "<group>"; };
		84A066AE1C0246D70031833D /* ViewController.m */ = {isa = PBXFileReference; lastKnownFileType = sourcecode.c.objc; path = ViewController.m; sourceTree = "<group>"; };
		84A066B11C0246D70031833D /* Base */ = {isa = PBXFileReference; lastKnownFileType = file.storyboard; name = Base; path = Base.lproj/Main.storyboard; sourceTree = "<group>"; };
		84A066B41C0246D70031833D /* TouchesHomework.xcdatamodel */ = {isa = PBXFileReference; lastKnownFileType = wrapper.xcdatamodel; path = TouchesHomework.xcdatamodel; sourceTree = "<group>"; };
		84A066B61C0246D70031833D /* Assets.xcassets */ = {isa = PBXFileReference; lastKnownFileType = folder.assetcatalog; path = Assets.xcassets; sourceTree = "<group>"; };
		84A066B91C0246D70031833D /* Base */ = {isa = PBXFileReference; lastKnownFileType = file.storyboard; name = Base; path = Base.lproj/LaunchScreen.storyboard; sourceTree = "<group>"; };
		84A066BB1C0246D70031833D /* Info.plist */ = {isa = PBXFileReference; lastKnownFileType = text.plist.xml; path = Info.plist; sourceTree = "<group>"; };
		84A066C01C0246D70031833D /* TouchesHomeworkTests.xctest */ = {isa = PBXFileReference; explicitFileType = wrapper.cfbundle; includeInIndex = 0; path = TouchesHomeworkTests.xctest; sourceTree = BUILT_PRODUCTS_DIR; };
		84A066C41C0246D70031833D /* TouchesHomeworkTests.m */ = {isa = PBXFileReference; lastKnownFileType = sourcecode.c.objc; path = TouchesHomeworkTests.m; sourceTree = "<group>"; };
		84A066C61C0246D70031833D /* Info.plist */ = {isa = PBXFileReference; lastKnownFileType = text.plist.xml; path = Info.plist; sourceTree = "<group>"; };
		84A066CB1C0246D70031833D /* TouchesHomeworkUITests.xctest */ = {isa = PBXFileReference; explicitFileType = wrapper.cfbundle; includeInIndex = 0; path = TouchesHomeworkUITests.xctest; sourceTree = BUILT_PRODUCTS_DIR; };
		84A066CF1C0246D70031833D /* TouchesHomeworkUITests.m */ = {isa = PBXFileReference; lastKnownFileType = sourcecode.c.objc; path = TouchesHomeworkUITests.m; sourceTree = "<group>"; };
		84A066D11C0246D70031833D /* Info.plist */ = {isa = PBXFileReference; lastKnownFileType = text.plist.xml; path = Info.plist; sourceTree = "<group>"; };
		84A066DD1C0246F00031833D /* TaskDescription.h */ = {isa = PBXFileReference; lastKnownFileType = sourcecode.c.h; path = TaskDescription.h; sourceTree = "<group>"; };
/* End PBXFileReference section */

/* Begin PBXFrameworksBuildPhase section */
		84A066A11C0246D70031833D /* Frameworks */ = {
			isa = PBXFrameworksBuildPhase;
			buildActionMask = 2147483647;
			files = (
			);
			runOnlyForDeploymentPostprocessing = 0;
		};
		84A066BD1C0246D70031833D /* Frameworks */ = {
			isa = PBXFrameworksBuildPhase;
			buildActionMask = 2147483647;
			files = (
			);
			runOnlyForDeploymentPostprocessing = 0;
		};
		84A066C81C0246D70031833D /* Frameworks */ = {
			isa = PBXFrameworksBuildPhase;
			buildActionMask = 2147483647;
			files = (
			);
			runOnlyForDeploymentPostprocessing = 0;
		};
/* End PBXFrameworksBuildPhase section */

/* Begin PBXGroup section */
		84A0669B1C0246D70031833D = {
			isa = PBXGroup;
			children = (
				84A066A61C0246D70031833D /* TouchesHomework */,
				84A066C31C0246D70031833D /* TouchesHomeworkTests */,
				84A066CE1C0246D70031833D /* TouchesHomeworkUITests */,
				84A066A51C0246D70031833D /* Products */,
			);
			sourceTree = "<group>";
		};
		84A066A51C0246D70031833D /* Products */ = {
			isa = PBXGroup;
			children = (
				84A066A41C0246D70031833D /* TouchesHomework.app */,
				84A066C01C0246D70031833D /* TouchesHomeworkTests.xctest */,
				84A066CB1C0246D70031833D /* TouchesHomeworkUITests.xctest */,
			);
			name = Products;
			sourceTree = "<group>";
		};
		84A066A61C0246D70031833D /* TouchesHomework */ = {
			isa = PBXGroup;
			children = (
				84A066DD1C0246F00031833D /* TaskDescription.h */,
				84A066AA1C0246D70031833D /* AppDelegate.h */,
				84A066AB1C0246D70031833D /* AppDelegate.m */,
				84A066AD1C0246D70031833D /* ViewController.h */,
				84A066AE1C0246D70031833D /* ViewController.m */,
				84A066B01C0246D70031833D /* Main.storyboard */,
				84A066B61C0246D70031833D /* Assets.xcassets */,
				84A066B81C0246D70031833D /* LaunchScreen.storyboard */,
				84A066BB1C0246D70031833D /* Info.plist */,
				84A066B31C0246D70031833D /* TouchesHomework.xcdatamodeld */,
				84A066A71C0246D70031833D /* Supporting Files */,
			);
			path = TouchesHomework;
			sourceTree = "<group>";
		};
		84A066A71C0246D70031833D /* Supporting Files */ = {
			isa = PBXGroup;
			children = (
				84A066A81C0246D70031833D /* main.m */,
			);
			name = "Supporting Files";
			sourceTree = "<group>";
		};
		84A066C31C0246D70031833D /* TouchesHomeworkTests */ = {
			isa = PBXGroup;
			children = (
				84A066C41C0246D70031833D /* TouchesHomeworkTests.m */,
				84A066C61C0246D70031833D /* Info.plist */,
			);
			path = TouchesHomeworkTests;
			sourceTree = "<group>";
		};
		84A066CE1C0246D70031833D /* TouchesHomeworkUITests */ = {
			isa = PBXGroup;
			children = (
				84A066CF1C0246D70031833D /* TouchesHomeworkUITests.m */,
				84A066D11C0246D70031833D /* Info.plist */,
			);
			path = TouchesHomeworkUITests;
			sourceTree = "<group>";
		};
/* End PBXGroup section */

/* Begin PBXNativeTarget section */
		84A066A31C0246D70031833D /* TouchesHomework */ = {
			isa = PBXNativeTarget;
			buildConfigurationList = 84A066D41C0246D70031833D /* Build configuration list for PBXNativeTarget "TouchesHomework" */;
			buildPhases = (
				84A066A01C0246D70031833D /* Sources */,
				84A066A11C0246D70031833D /* Frameworks */,
				84A066A21C0246D70031833D /* Resources */,
			);
			buildRules = (
			);
			dependencies = (
			);
			name = TouchesHomework;
			productName = TouchesHomework;
			productReference = 84A066A41C0246D70031833D /* TouchesHomework.app */;
			productType = "com.apple.product-type.application";
		};
		84A066BF1C0246D70031833D /* TouchesHomeworkTests */ = {
			isa = PBXNativeTarget;
			buildConfigurationList = 84A066D71C0246D70031833D /* Build configuration list for PBXNativeTarget "TouchesHomeworkTests" */;
			buildPhases = (
				84A066BC1C0246D70031833D /* Sources */,
				84A066BD1C0246D70031833D /* Frameworks */,
				84A066BE1C0246D70031833D /* Resources */,
			);
			buildRules = (
			);
			dependencies = (
				84A066C21C0246D70031833D /* PBXTargetDependency */,
			);
			name = TouchesHomeworkTests;
			productName = TouchesHomeworkTests;
			productReference = 84A066C01C0246D70031833D /* TouchesHomeworkTests.xctest */;
			productType = "com.apple.product-type.bundle.unit-test";
		};
		84A066CA1C0246D70031833D /* TouchesHomeworkUITests */ = {
			isa = PBXNativeTarget;
			buildConfigurationList = 84A066DA1C0246D70031833D /* Build configuration list for PBXNativeTarget "TouchesHomeworkUITests" */;
			buildPhases = (
				84A066C71C0246D70031833D /* Sources */,
				84A066C81C0246D70031833D /* Frameworks */,
				84A066C91C0246D70031833D /* Resources */,
			);
			buildRules = (
			);
			dependencies = (
				84A066CD1C0246D70031833D /* PBXTargetDependency */,
			);
			name = TouchesHomeworkUITests;
			productName = TouchesHomeworkUITests;
			productReference = 84A066CB1C0246D70031833D /* TouchesHomeworkUITests.xctest */;
			productType = "com.apple.product-type.bundle.ui-testing";
		};
/* End PBXNativeTarget section */

/* Begin PBXProject section */
		84A0669C1C0246D70031833D /* Project object */ = {
			isa = PBXProject;
			attributes = {
				LastUpgradeCheck = 0700;
				ORGANIZATIONNAME = "Alina Egorova";
				TargetAttributes = {
					84A066A31C0246D70031833D = {
						CreatedOnToolsVersion = 7.0;
					};
					84A066BF1C0246D70031833D = {
						CreatedOnToolsVersion = 7.0;
						TestTargetID = 84A066A31C0246D70031833D;
					};
					84A066CA1C0246D70031833D = {
						CreatedOnToolsVersion = 7.0;
						TestTargetID = 84A066A31C0246D70031833D;
					};
				};
			};
			buildConfigurationList = 84A0669F1C0246D70031833D /* Build configuration list for PBXProject "TouchesHomework" */;
			compatibilityVersion = "Xcode 3.2";
			developmentRegion = English;
			hasScannedForEncodings = 0;
			knownRegions = (
				en,
				Base,
			);
			mainGroup = 84A0669B1C0246D70031833D;
			productRefGroup = 84A066A51C0246D70031833D /* Products */;
			projectDirPath = "";
			projectRoot = "";
			targets = (
				84A066A31C0246D70031833D /* TouchesHomework */,
				84A066BF1C0246D70031833D /* TouchesHomeworkTests */,
				84A066CA1C0246D70031833D /* TouchesHomeworkUITests */,
			);
		};
/* End PBXProject section */

/* Begin PBXResourcesBuildPhase section */
		84A066A21C0246D70031833D /* Resources */ = {
			isa = PBXResourcesBuildPhase;
			buildActionMask = 2147483647;
			files = (
				84A066BA1C0246D70031833D /* LaunchScreen.storyboard in Resources */,
				84A066B71C0246D70031833D /* Assets.xcassets in Resources */,
				84A066B21C0246D70031833D /* Main.storyboard in Resources */,
			);
			runOnlyForDeploymentPostprocessing = 0;
		};
		84A066BE1C0246D70031833D /* Resources */ = {
			isa = PBXResourcesBuildPhase;
			buildActionMask = 2147483647;
			files = (
			);
			runOnlyForDeploymentPostprocessing = 0;
		};
		84A066C91C0246D70031833D /* Resources */ = {
			isa = PBXResourcesBuildPhase;
			buildActionMask = 2147483647;
			files = (
			);
			runOnlyForDeploymentPostprocessing = 0;
		};
/* End PBXResourcesBuildPhase section */

/* Begin PBXSourcesBuildPhase section */
		84A066A01C0246D70031833D /* Sources */ = {
			isa = PBXSourcesBuildPhase;
			buildActionMask = 2147483647;
			files = (
				84A066AF1C0246D70031833D /* ViewController.m in Sources */,
				84A066AC1C0246D70031833D /* AppDelegate.m in Sources */,
				84A066A91C0246D70031833D /* main.m in Sources */,
				84A066B51C0246D70031833D /* TouchesHomework.xcdatamodeld in Sources */,
			);
			runOnlyForDeploymentPostprocessing = 0;
		};
		84A066BC1C0246D70031833D /* Sources */ = {
			isa = PBXSourcesBuildPhase;
			buildActionMask = 2147483647;
			files = (
				84A066C51C0246D70031833D /* TouchesHomeworkTests.m in Sources */,
			);
			runOnlyForDeploymentPostprocessing = 0;
		};
		84A066C71C0246D70031833D /* Sources */ = {
			isa = PBXSourcesBuildPhase;
			buildActionMask = 2147483647;
			files = (
				84A066D01C0246D70031833D /* TouchesHomeworkUITests.m in Sources */,
			);
			runOnlyForDeploymentPostprocessing = 0;
		};
/* End PBXSourcesBuildPhase section */

/* Begin PBXTargetDependency section */
		84A066C21C0246D70031833D /* PBXTargetDependency */ = {
			isa = PBXTargetDependency;
			target = 84A066A31C0246D70031833D /* TouchesHomework */;
			targetProxy = 84A066C11C0246D70031833D /* PBXContainerItemProxy */;
		};
		84A066CD1C0246D70031833D /* PBXTargetDependency */ = {
			isa = PBXTargetDependency;
			target = 84A066A31C0246D70031833D /* TouchesHomework */;
			targetProxy = 84A066CC1C0246D70031833D /* PBXContainerItemProxy */;
		};
/* End PBXTargetDependency section */

/* Begin PBXVariantGroup section */
		84A066B01C0246D70031833D /* Main.storyboard */ = {
			isa = PBXVariantGroup;
			children = (
				84A066B11C0246D70031833D /* Base */,
			);
			name = Main.storyboard;
			sourceTree = "<group>";
		};
		84A066B81C0246D70031833D /* LaunchScreen.storyboard */ = {
			isa = PBXVariantGroup;
			children = (
				84A066B91C0246D70031833D /* Base */,
			);
			name = LaunchScreen.storyboard;
			sourceTree = "<group>";
		};
/* End PBXVariantGroup section */

/* Begin XCBuildConfiguration section */
		84A066D21C0246D70031833D /* Debug */ = {
			isa = XCBuildConfiguration;
			buildSettings = {
				ALWAYS_SEARCH_USER_PATHS = NO;
				CLANG_CXX_LANGUAGE_STANDARD = "gnu++0x";
				CLANG_CXX_LIBRARY = "libc++";
				CLANG_ENABLE_MODULES = YES;
				CLANG_ENABLE_OBJC_ARC = YES;
				CLANG_WARN_BOOL_CONVERSION = YES;
				CLANG_WARN_CONSTANT_CONVERSION = YES;
				CLANG_WARN_DIRECT_OBJC_ISA_USAGE = YES_ERROR;
				CLANG_WARN_EMPTY_BODY = YES;
				CLANG_WARN_ENUM_CONVERSION = YES;
				CLANG_WARN_INT_CONVERSION = YES;
				CLANG_WARN_OBJC_ROOT_CLASS = YES_ERROR;
				CLANG_WARN_UNREACHABLE_CODE = YES;
				CLANG_WARN__DUPLICATE_METHOD_MATCH = YES;
				"CODE_SIGN_IDENTITY[sdk=iphoneos*]" = "iPhone Developer";
				COPY_PHASE_STRIP = NO;
				DEBUG_INFORMATION_FORMAT = dwarf;
				ENABLE_STRICT_OBJC_MSGSEND = YES;
				ENABLE_TESTABILITY = YES;
				GCC_C_LANGUAGE_STANDARD = gnu99;
				GCC_DYNAMIC_NO_PIC = NO;
				GCC_NO_COMMON_BLOCKS = YES;
				GCC_OPTIMIZATION_LEVEL = 0;
				GCC_PREPROCESSOR_DEFINITIONS = (
					"DEBUG=1",
					"$(inherited)",
				);
				GCC_WARN_64_TO_32_BIT_CONVERSION = YES;
				GCC_WARN_ABOUT_RETURN_TYPE = YES_ERROR;
				GCC_WARN_UNDECLARED_SELECTOR = YES;
				GCC_WARN_UNINITIALIZED_AUTOS = YES_AGGRESSIVE;
				GCC_WARN_UNUSED_FUNCTION = YES;
				GCC_WARN_UNUSED_VARIABLE = YES;
				IPHONEOS_DEPLOYMENT_TARGET = 9.0;
				MTL_ENABLE_DEBUG_INFO = YES;
				ONLY_ACTIVE_ARCH = YES;
				SDKROOT = iphoneos;
				TARGETED_DEVICE_FAMILY = "1,2";
			};
			name = Debug;
		};
		84A066D31C0246D70031833D /* Release */ = {
			isa = XCBuildConfiguration;
			buildSettings = {
				ALWAYS_SEARCH_USER_PATHS = NO;
				CLANG_CXX_LANGUAGE_STANDARD = "gnu++0x";
				CLANG_CXX_LIBRARY = "libc++";
				CLANG_ENABLE_MODULES = YES;
				CLANG_ENABLE_OBJC_ARC = YES;
				CLANG_WARN_BOOL_CONVERSION = YES;
				CLANG_WARN_CONSTANT_CONVERSION = YES;
				CLANG_WARN_DIRECT_OBJC_ISA_USAGE = YES_ERROR;
				CLANG_WARN_EMPTY_BODY = YES;
				CLANG_WARN_ENUM_CONVERSION = YES;
				CLANG_WARN_INT_CONVERSION = YES;
				CLANG_WARN_OBJC_ROOT_CLASS = YES_ERROR;
				CLANG_WARN_UNREACHABLE_CODE = YES;
				CLANG_WARN__DUPLICATE_METHOD_MATCH = YES;
				"CODE_SIGN_IDENTITY[sdk=iphoneos*]" = "iPhone Developer";
				COPY_PHASE_STRIP = NO;
				DEBUG_INFORMATION_FORMAT = "dwarf-with-dsym";
				ENABLE_NS_ASSERTIONS = NO;
				ENABLE_STRICT_OBJC_MSGSEND = YES;
				GCC_C_LANGUAGE_STANDARD = gnu99;
				GCC_NO_COMMON_BLOCKS = YES;
				GCC_WARN_64_TO_32_BIT_CONVERSION = YES;
				GCC_WARN_ABOUT_RETURN_TYPE = YES_ERROR;
				GCC_WARN_UNDECLARED_SELECTOR = YES;
				GCC_WARN_UNINITIALIZED_AUTOS = YES_AGGRESSIVE;
				GCC_WARN_UNUSED_FUNCTION = YES;
				GCC_WARN_UNUSED_VARIABLE = YES;
				IPHONEOS_DEPLOYMENT_TARGET = 9.0;
				MTL_ENABLE_DEBUG_INFO = NO;
				SDKROOT = iphoneos;
				TARGETED_DEVICE_FAMILY = "1,2";
				VALIDATE_PRODUCT = YES;
			};
			name = Release;
		};
		84A066D51C0246D70031833D /* Debug */ = {
			isa = XCBuildConfiguration;
			buildSettings = {
				ASSETCATALOG_COMPILER_APPICON_NAME = AppIcon;
				INFOPLIST_FILE = TouchesHomework/Info.plist;
				LD_RUNPATH_SEARCH_PATHS = "$(inherited) @executable_path/Frameworks";
				PRODUCT_BUNDLE_IDENTIFIER = AE.TouchesHomework;
				PRODUCT_NAME = "$(TARGET_NAME)";
			};
			name = Debug;
		};
		84A066D61C0246D70031833D /* Release */ = {
			isa = XCBuildConfiguration;
			buildSettings = {
				ASSETCATALOG_COMPILER_APPICON_NAME = AppIcon;
				INFOPLIST_FILE = TouchesHomework/Info.plist;
				LD_RUNPATH_SEARCH_PATHS = "$(inherited) @executable_path/Frameworks";
				PRODUCT_BUNDLE_IDENTIFIER = AE.TouchesHomework;
				PRODUCT_NAME = "$(TARGET_NAME)";
			};
			name = Release;
		};
		84A066D81C0246D70031833D /* Debug */ = {
			isa = XCBuildConfiguration;
			buildSettings = {
				BUNDLE_LOADER = "$(TEST_HOST)";
				INFOPLIST_FILE = TouchesHomeworkTests/Info.plist;
				LD_RUNPATH_SEARCH_PATHS = "$(inherited) @executable_path/Frameworks @loader_path/Frameworks";
				PRODUCT_BUNDLE_IDENTIFIER = AE.TouchesHomeworkTests;
				PRODUCT_NAME = "$(TARGET_NAME)";
				TEST_HOST = "$(BUILT_PRODUCTS_DIR)/TouchesHomework.app/TouchesHomework";
			};
			name = Debug;
		};
		84A066D91C0246D70031833D /* Release */ = {
			isa = XCBuildConfiguration;
			buildSettings = {
				BUNDLE_LOADER = "$(TEST_HOST)";
				INFOPLIST_FILE = TouchesHomeworkTests/Info.plist;
				LD_RUNPATH_SEARCH_PATHS = "$(inherited) @executable_path/Frameworks @loader_path/Frameworks";
				PRODUCT_BUNDLE_IDENTIFIER = AE.TouchesHomeworkTests;
				PRODUCT_NAME = "$(TARGET_NAME)";
				TEST_HOST = "$(BUILT_PRODUCTS_DIR)/TouchesHomework.app/TouchesHomework";
			};
			name = Release;
		};
		84A066DB1C0246D70031833D /* Debug */ = {
			isa = XCBuildConfiguration;
			buildSettings = {
				INFOPLIST_FILE = TouchesHomeworkUITests/Info.plist;
				LD_RUNPATH_SEARCH_PATHS = "$(inherited) @executable_path/Frameworks @loader_path/Frameworks";
				PRODUCT_BUNDLE_IDENTIFIER = AE.TouchesHomeworkUITests;
				PRODUCT_NAME = "$(TARGET_NAME)";
				TEST_TARGET_NAME = TouchesHomework;
				USES_XCTRUNNER = YES;
			};
			name = Debug;
		};
		84A066DC1C0246D70031833D /* Release */ = {
			isa = XCBuildConfiguration;
			buildSettings = {
				INFOPLIST_FILE = TouchesHomeworkUITests/Info.plist;
				LD_RUNPATH_SEARCH_PATHS = "$(inherited) @executable_path/Frameworks @loader_path/Frameworks";
				PRODUCT_BUNDLE_IDENTIFIER = AE.TouchesHomeworkUITests;
				PRODUCT_NAME = "$(TARGET_NAME)";
				TEST_TARGET_NAME = TouchesHomework;
				USES_XCTRUNNER = YES;
			};
			name = Release;
		};
/* End XCBuildConfiguration section */

/* Begin XCConfigurationList section */
		84A0669F1C0246D70031833D /* Build configuration list for PBXProject "TouchesHomework" */ = {
			isa = XCConfigurationList;
			buildConfigurations = (
				84A066D21C0246D70031833D /* Debug */,
				84A066D31C0246D70031833D /* Release */,
			);
			defaultConfigurationIsVisible = 0;
			defaultConfigurationName = Release;
		};
		84A066D41C0246D70031833D /* Build configuration list for PBXNativeTarget "TouchesHomework" */ = {
			isa = XCConfigurationList;
			buildConfigurations = (
				84A066D51C0246D70031833D /* Debug */,
				84A066D61C0246D70031833D /* Release */,
			);
			defaultConfigurationIsVisible = 0;
		};
		84A066D71C0246D70031833D /* Build configuration list for PBXNativeTarget "TouchesHomeworkTests" */ = {
			isa = XCConfigurationList;
			buildConfigurations = (
				84A066D81C0246D70031833D /* Debug */,
				84A066D91C0246D70031833D /* Release */,
			);
			defaultConfigurationIsVisible = 0;
		};
		84A066DA1C0246D70031833D /* Build configuration list for PBXNativeTarget "TouchesHomeworkUITests" */ = {
			isa = XCConfigurationList;
			buildConfigurations = (
				84A066DB1C0246D70031833D /* Debug */,
				84A066DC1C0246D70031833D /* Release */,
			);
			defaultConfigurationIsVisible = 0;
		};
/* End XCConfigurationList section */

/* Begin XCVersionGroup section */
		84A066B31C0246D70031833D /* TouchesHomework.xcdatamodeld */ = {
			isa = XCVersionGroup;
			children = (
				84A066B41C0246D70031833D /* TouchesHomework.xcdatamodel */,
			);
			currentVersion = 84A066B41C0246D70031833D /* TouchesHomework.xcdatamodel */;
			path = TouchesHomework.xcdatamodeld;
			sourceTree = "<group>";
			versionGroupType = wrapper.xcdatamodel;
		};
/* End XCVersionGroup section */
	};
	rootObject = 84A0669C1C0246D70031833D /* Project object */;
}
